
Microsoft Visual Studio Solution File, Format Version 12.00
# Visual Studio 15
Project("{FAE04EC0-301F-11D3-BF4B-00C04F79EFBC}") = "Assembly-CSharp-Editor", "Assembly-CSharp-Editor.csproj", "{CEBB816E-55A1-D462-4990-C5A697DC6EEB}"
EndProject
Project("{FAE04EC0-301F-11D3-BF4B-00C04F79EFBC}") = "Assembly-CSharp", "Assembly-CSharp.csproj", "{D3CB45DC-0356-A1F5-3FD4-E60C1B018716}"
EndProject
Global
	GlobalSection(SolutionConfigurationPlatforms) = preSolution
		Debug|Any CPU = Debug|Any CPU
		Release|Any CPU = Release|Any CPU
	EndGlobalSection
	GlobalSection(ProjectConfigurationPlatforms) = postSolution
		{CEBB816E-55A1-D462-4990-C5A697DC6EEB}.Debug|Any CPU.ActiveCfg = Debug|Any CPU
		{CEBB816E-55A1-D462-4990-C5A697DC6EEB}.Debug|Any CPU.Build.0 = Debug|Any CPU
		{CEBB816E-55A1-D462-4990-C5A697DC6EEB}.Release|Any CPU.ActiveCfg = Release|Any CPU
		{CEBB816E-55A1-D462-4990-C5A697DC6EEB}.Release|Any CPU.Build.0 = Release|Any CPU
		{D3CB45DC-0356-A1F5-3FD4-E60C1B018716}.Debug|Any CPU.ActiveCfg = Debug|Any CPU
		{D3CB45DC-0356-A1F5-3FD4-E60C1B018716}.Debug|Any CPU.Build.0 = Debug|Any CPU
		{D3CB45DC-0356-A1F5-3FD4-E60C1B018716}.Release|Any CPU.ActiveCfg = Release|Any CPU
		{D3CB45DC-0356-A1F5-3FD4-E60C1B018716}.Release|Any CPU.Build.0 = Release|Any CPU
	EndGlobalSection
	GlobalSection(SolutionProperties) = preSolution
		HideSolutionNode = FALSE
	EndGlobalSection
EndGlobal
