
Microsoft Visual Studio Solution File, Format Version 12.00
# Visual Studio 15
Project("{FAE04EC0-301F-11D3-BF4B-00C04F79EFBC}") = "Assembly-CSharp-Editor", "Assembly-CSharp-Editor.csproj", "{4CCE9FEC-38AE-C3B7-DB28-2205B2608608}"
EndProject
Project("{FAE04EC0-301F-11D3-BF4B-00C04F79EFBC}") = "Assembly-CSharp", "Assembly-CSharp.csproj", "{BE2E94B3-918C-F4C8-C39F-7AE1AF93648A}"
EndProject
Global
	GlobalSection(SolutionConfigurationPlatforms) = preSolution
		Debug|Any CPU = Debug|Any CPU
		Release|Any CPU = Release|Any CPU
	EndGlobalSection
	GlobalSection(ProjectConfigurationPlatforms) = postSolution
		{4CCE9FEC-38AE-C3B7-DB28-2205B2608608}.Debug|Any CPU.ActiveCfg = Debug|Any CPU
		{4CCE9FEC-38AE-C3B7-DB28-2205B2608608}.Debug|Any CPU.Build.0 = Debug|Any CPU
		{4CCE9FEC-38AE-C3B7-DB28-2205B2608608}.Release|Any CPU.ActiveCfg = Release|Any CPU
		{4CCE9FEC-38AE-C3B7-DB28-2205B2608608}.Release|Any CPU.Build.0 = Release|Any CPU
		{BE2E94B3-918C-F4C8-C39F-7AE1AF93648A}.Debug|Any CPU.ActiveCfg = Debug|Any CPU
		{BE2E94B3-918C-F4C8-C39F-7AE1AF93648A}.Debug|Any CPU.Build.0 = Debug|Any CPU
		{BE2E94B3-918C-F4C8-C39F-7AE1AF93648A}.Release|Any CPU.ActiveCfg = Release|Any CPU
		{BE2E94B3-918C-F4C8-C39F-7AE1AF93648A}.Release|Any CPU.Build.0 = Release|Any CPU
	EndGlobalSection
	GlobalSection(SolutionProperties) = preSolution
		HideSolutionNode = FALSE
	EndGlobalSection
EndGlobal
